
Microsoft Visual Studio Solution File, Format Version 12.00
# Visual Studio Version 17
VisualStudioVersion = 17.7.34221.43
MinimumVisualStudioVersion = 10.0.40219.1
Project("{FAE04EC0-301F-11D3-BF4B-00C04F79EFBC}") = "dbCRUD", "dbCRUD.csproj", "{F2E72941-D67E-45C5-B532-E42EFC99DD66}"
EndProject
Global
	GlobalSection(SolutionConfigurationPlatforms) = preSolution
		Debug|Any CPU = Debug|Any CPU
		Release|Any CPU = Release|Any CPU
	EndGlobalSection
	GlobalSection(ProjectConfigurationPlatforms) = postSolution
		{F2E72941-D67E-45C5-B532-E42EFC99DD66}.Debug|Any CPU.ActiveCfg = Debug|Any CPU
		{F2E72941-D67E-45C5-B532-E42EFC99DD66}.Debug|Any CPU.Build.0 = Debug|Any CPU
		{F2E72941-D67E-45C5-B532-E42EFC99DD66}.Release|Any CPU.ActiveCfg = Release|Any CPU
		{F2E72941-D67E-45C5-B532-E42EFC99DD66}.Release|Any CPU.Build.0 = Release|Any CPU
	EndGlobalSection
	GlobalSection(SolutionProperties) = preSolution
		HideSolutionNode = FALSE
	EndGlobalSection
	GlobalSection(ExtensibilityGlobals) = postSolution
		SolutionGuid = {19CEA8AD-263A-4801-9DDB-4BD73CCE0DF2}
	EndGlobalSection
EndGlobal
